{
  "requires": true,
  "lockfileVersion": 1,
  "dependencies": {
    "sweetalert2": {
      "version": "8.17.1",
      "resolved": "https://registry.npmjs.org/sweetalert2/-/sweetalert2-8.17.1.tgz",
      "integrity": "sha512-aCPXmK1YyVUfsw36iDETzUnYj1fxwXSY/dkt8cnqViv7f5sOS5i37LXIf9LLiDCd99EbY4d4kvZkyWYlJZ79Xw=="
    }
  }
}
